
Microsoft Visual Studio Solution File, Format Version 12.00
# Visual Studio Version 16
VisualStudioVersion = 16.0.30413.136
MinimumVisualStudioVersion = 10.0.40219.1
Project("{9A19103F-16F7-4668-BE54-9A1E7A4F7556}") = "MLCodeForces", "MLCodeForces\MLCodeForces.csproj", "{7125EEE9-7938-43C4-B487-AB3E7EEBA987}"
EndProject
Project("{9A19103F-16F7-4668-BE54-9A1E7A4F7556}") = "NonparametricRegression", "NonparametricRegression\NonparametricRegression.csproj", "{B33B2B3A-A6DB-4515-94B6-86BEE37D18FF}"
EndProject
Project("{9A19103F-16F7-4668-BE54-9A1E7A4F7556}") = "LinearRegression", "LinearRegression\LinearRegression.csproj", "{BAA14EE5-0381-46A8-B741-6126AF9E30AD}"
EndProject
Project("{9A19103F-16F7-4668-BE54-9A1E7A4F7556}") = "Bayes", "Bayes\Bayes.csproj", "{481D5043-F7CF-4F5D-8FBA-72C6EA4AE003}"
EndProject
Project("{9A19103F-16F7-4668-BE54-9A1E7A4F7556}") = "DecisionTrees", "DecisionTree\DecisionTrees.csproj", "{1EBD2AEA-0C0E-429C-B21F-5B0E93F29BE6}"
EndProject
Global
	GlobalSection(SolutionConfigurationPlatforms) = preSolution
		Debug|Any CPU = Debug|Any CPU
		Debug|x64 = Debug|x64
		Debug|x86 = Debug|x86
		Release|Any CPU = Release|Any CPU
		Release|x64 = Release|x64
		Release|x86 = Release|x86
	EndGlobalSection
	GlobalSection(ProjectConfigurationPlatforms) = postSolution
		{7125EEE9-7938-43C4-B487-AB3E7EEBA987}.Debug|Any CPU.ActiveCfg = Debug|Any CPU
		{7125EEE9-7938-43C4-B487-AB3E7EEBA987}.Debug|Any CPU.Build.0 = Debug|Any CPU
		{7125EEE9-7938-43C4-B487-AB3E7EEBA987}.Debug|x64.ActiveCfg = Debug|Any CPU
		{7125EEE9-7938-43C4-B487-AB3E7EEBA987}.Debug|x64.Build.0 = Debug|Any CPU
		{7125EEE9-7938-43C4-B487-AB3E7EEBA987}.Debug|x86.ActiveCfg = Debug|Any CPU
		{7125EEE9-7938-43C4-B487-AB3E7EEBA987}.Debug|x86.Build.0 = Debug|Any CPU
		{7125EEE9-7938-43C4-B487-AB3E7EEBA987}.Release|Any CPU.ActiveCfg = Release|Any CPU
		{7125EEE9-7938-43C4-B487-AB3E7EEBA987}.Release|Any CPU.Build.0 = Release|Any CPU
		{7125EEE9-7938-43C4-B487-AB3E7EEBA987}.Release|x64.ActiveCfg = Release|Any CPU
		{7125EEE9-7938-43C4-B487-AB3E7EEBA987}.Release|x64.Build.0 = Release|Any CPU
		{7125EEE9-7938-43C4-B487-AB3E7EEBA987}.Release|x86.ActiveCfg = Release|Any CPU
		{7125EEE9-7938-43C4-B487-AB3E7EEBA987}.Release|x86.Build.0 = Release|Any CPU
		{B33B2B3A-A6DB-4515-94B6-86BEE37D18FF}.Debug|Any CPU.ActiveCfg = Debug|Any CPU
		{B33B2B3A-A6DB-4515-94B6-86BEE37D18FF}.Debug|Any CPU.Build.0 = Debug|Any CPU
		{B33B2B3A-A6DB-4515-94B6-86BEE37D18FF}.Debug|x64.ActiveCfg = Debug|Any CPU
		{B33B2B3A-A6DB-4515-94B6-86BEE37D18FF}.Debug|x64.Build.0 = Debug|Any CPU
		{B33B2B3A-A6DB-4515-94B6-86BEE37D18FF}.Debug|x86.ActiveCfg = Debug|Any CPU
		{B33B2B3A-A6DB-4515-94B6-86BEE37D18FF}.Debug|x86.Build.0 = Debug|Any CPU
		{B33B2B3A-A6DB-4515-94B6-86BEE37D18FF}.Release|Any CPU.ActiveCfg = Release|Any CPU
		{B33B2B3A-A6DB-4515-94B6-86BEE37D18FF}.Release|Any CPU.Build.0 = Release|Any CPU
		{B33B2B3A-A6DB-4515-94B6-86BEE37D18FF}.Release|x64.ActiveCfg = Release|Any CPU
		{B33B2B3A-A6DB-4515-94B6-86BEE37D18FF}.Release|x64.Build.0 = Release|Any CPU
		{B33B2B3A-A6DB-4515-94B6-86BEE37D18FF}.Release|x86.ActiveCfg = Release|Any CPU
		{B33B2B3A-A6DB-4515-94B6-86BEE37D18FF}.Release|x86.Build.0 = Release|Any CPU
		{BAA14EE5-0381-46A8-B741-6126AF9E30AD}.Debug|Any CPU.ActiveCfg = Debug|Any CPU
		{BAA14EE5-0381-46A8-B741-6126AF9E30AD}.Debug|Any CPU.Build.0 = Debug|Any CPU
		{BAA14EE5-0381-46A8-B741-6126AF9E30AD}.Debug|x64.ActiveCfg = Debug|Any CPU
		{BAA14EE5-0381-46A8-B741-6126AF9E30AD}.Debug|x64.Build.0 = Debug|Any CPU
		{BAA14EE5-0381-46A8-B741-6126AF9E30AD}.Debug|x86.ActiveCfg = Debug|Any CPU
		{BAA14EE5-0381-46A8-B741-6126AF9E30AD}.Debug|x86.Build.0 = Debug|Any CPU
		{BAA14EE5-0381-46A8-B741-6126AF9E30AD}.Release|Any CPU.ActiveCfg = Release|Any CPU
		{BAA14EE5-0381-46A8-B741-6126AF9E30AD}.Release|Any CPU.Build.0 = Release|Any CPU
		{BAA14EE5-0381-46A8-B741-6126AF9E30AD}.Release|x64.ActiveCfg = Release|Any CPU
		{BAA14EE5-0381-46A8-B741-6126AF9E30AD}.Release|x64.Build.0 = Release|Any CPU
		{BAA14EE5-0381-46A8-B741-6126AF9E30AD}.Release|x86.ActiveCfg = Release|Any CPU
		{BAA14EE5-0381-46A8-B741-6126AF9E30AD}.Release|x86.Build.0 = Release|Any CPU
		{481D5043-F7CF-4F5D-8FBA-72C6EA4AE003}.Debug|Any CPU.ActiveCfg = Debug|Any CPU
		{481D5043-F7CF-4F5D-8FBA-72C6EA4AE003}.Debug|Any CPU.Build.0 = Debug|Any CPU
		{481D5043-F7CF-4F5D-8FBA-72C6EA4AE003}.Debug|x64.ActiveCfg = Debug|Any CPU
		{481D5043-F7CF-4F5D-8FBA-72C6EA4AE003}.Debug|x64.Build.0 = Debug|Any CPU
		{481D5043-F7CF-4F5D-8FBA-72C6EA4AE003}.Debug|x86.ActiveCfg = Debug|Any CPU
		{481D5043-F7CF-4F5D-8FBA-72C6EA4AE003}.Debug|x86.Build.0 = Debug|Any CPU
		{481D5043-F7CF-4F5D-8FBA-72C6EA4AE003}.Release|Any CPU.ActiveCfg = Release|Any CPU
		{481D5043-F7CF-4F5D-8FBA-72C6EA4AE003}.Release|Any CPU.Build.0 = Release|Any CPU
		{481D5043-F7CF-4F5D-8FBA-72C6EA4AE003}.Release|x64.ActiveCfg = Release|Any CPU
		{481D5043-F7CF-4F5D-8FBA-72C6EA4AE003}.Release|x64.Build.0 = Release|Any CPU
		{481D5043-F7CF-4F5D-8FBA-72C6EA4AE003}.Release|x86.ActiveCfg = Release|Any CPU
		{481D5043-F7CF-4F5D-8FBA-72C6EA4AE003}.Release|x86.Build.0 = Release|Any CPU
		{1EBD2AEA-0C0E-429C-B21F-5B0E93F29BE6}.Debug|Any CPU.ActiveCfg = Debug|Any CPU
		{1EBD2AEA-0C0E-429C-B21F-5B0E93F29BE6}.Debug|Any CPU.Build.0 = Debug|Any CPU
		{1EBD2AEA-0C0E-429C-B21F-5B0E93F29BE6}.Debug|x64.ActiveCfg = Debug|Any CPU
		{1EBD2AEA-0C0E-429C-B21F-5B0E93F29BE6}.Debug|x64.Build.0 = Debug|Any CPU
		{1EBD2AEA-0C0E-429C-B21F-5B0E93F29BE6}.Debug|x86.ActiveCfg = Debug|Any CPU
		{1EBD2AEA-0C0E-429C-B21F-5B0E93F29BE6}.Debug|x86.Build.0 = Debug|Any CPU
		{1EBD2AEA-0C0E-429C-B21F-5B0E93F29BE6}.Release|Any CPU.ActiveCfg = Release|Any CPU
		{1EBD2AEA-0C0E-429C-B21F-5B0E93F29BE6}.Release|Any CPU.Build.0 = Release|Any CPU
		{1EBD2AEA-0C0E-429C-B21F-5B0E93F29BE6}.Release|x64.ActiveCfg = Release|Any CPU
		{1EBD2AEA-0C0E-429C-B21F-5B0E93F29BE6}.Release|x64.Build.0 = Release|Any CPU
		{1EBD2AEA-0C0E-429C-B21F-5B0E93F29BE6}.Release|x86.ActiveCfg = Release|Any CPU
		{1EBD2AEA-0C0E-429C-B21F-5B0E93F29BE6}.Release|x86.Build.0 = Release|Any CPU
	EndGlobalSection
	GlobalSection(SolutionProperties) = preSolution
		HideSolutionNode = FALSE
	EndGlobalSection
	GlobalSection(ExtensibilityGlobals) = postSolution
		SolutionGuid = {1C99CAF0-E06C-49D1-A324-C06955E1DB44}
	EndGlobalSection
EndGlobal
